// !$*UTF8*$!
{
	archiveVersion = 1;
	classes = {
	};
	objectVersion = 46;
	objects = {

/* Begin PBXBuildFile section */
		188BD2081C86D36200A26E98 /* main.m in Sources */ = {isa = PBXBuildFile; fileRef = 188BD2071C86D36200A26E98 /* main.m */; };
		188BD20B1C86D36200A26E98 /* AppDelegate.m in Sources */ = {isa = PBXBuildFile; fileRef = 188BD20A1C86D36200A26E98 /* AppDelegate.m */; };
		188BD20E1C86D36200A26E98 /* ViewController.m in Sources */ = {isa = PBXBuildFile; fileRef = 188BD20D1C86D36200A26E98 /* ViewController.m */; };
		188BD2111C86D36200A26E98 /* Main.storyboard in Resources */ = {isa = PBXBuildFile; fileRef = 188BD20F1C86D36200A26E98 /* Main.storyboard */; };
		188BD2131C86D36200A26E98 /* Images.xcassets in Resources */ = {isa = PBXBuildFile; fileRef = 188BD2121C86D36200A26E98 /* Images.xcassets */; };
		188BD2161C86D36200A26E98 /* LaunchScreen.xib in Resources */ = {isa = PBXBuildFile; fileRef = 188BD2141C86D36200A26E98 /* LaunchScreen.xib */; };
		188BD2221C86D36200A26E98 /* test002Tests.m in Sources */ = {isa = PBXBuildFile; fileRef = 188BD2211C86D36200A26E98 /* test002Tests.m */; };
		188BD22E1C86D38900A26E98 /* MyViewController.m in Sources */ = {isa = PBXBuildFile; fileRef = 188BD22D1C86D38900A26E98 /* MyViewController.m */; };
/* End PBXBuildFile section */

/* Begin PBXContainerItemProxy section */
		188BD21C1C86D36200A26E98 /* PBXContainerItemProxy */ = {
			isa = PBXContainerItemProxy;
			containerPortal = 188BD1FA1C86D36200A26E98 /* Project object */;
			proxyType = 1;
			remoteGlobalIDString = 188BD2011C86D36200A26E98;
			remoteInfo = test002;
		};
/* End PBXContainerItemProxy section */

/* Begin PBXFileReference section */
		188BD2021C86D36200A26E98 /* test002.app */ = {isa = PBXFileReference; explicitFileType = wrapper.application; includeInIndex = 0; path = test002.app; sourceTree = BUILT_PRODUCTS_DIR; };
		188BD2061C86D36200A26E98 /* Info.plist */ = {isa = PBXFileReference; lastKnownFileType = text.plist.xml; path = Info.plist; sourceTree = "<group>"; };
		188BD2071C86D36200A26E98 /* main.m */ = {isa = PBXFileReference; lastKnownFileType = sourcecode.c.objc; path = main.m; sourceTree = "<group>"; };
		188BD2091C86D36200A26E98 /* AppDelegate.h */ = {isa = PBXFileReference; lastKnownFileType = sourcecode.c.h; path = AppDelegate.h; sourceTree = "<group>"; };
		188BD20A1C86D36200A26E98 /* AppDelegate.m */ = {isa = PBXFileReference; lastKnownFileType = sourcecode.c.objc; path = AppDelegate.m; sourceTree = "<group>"; };
		188BD20C1C86D36200A26E98 /* ViewController.h */ = {isa = PBXFileReference; lastKnownFileType = sourcecode.c.h; path = ViewController.h; sourceTree = "<group>"; };
		188BD20D1C86D36200A26E98 /* ViewController.m */ = {isa = PBXFileReference; lastKnownFileType = sourcecode.c.objc; path = ViewController.m; sourceTree = "<group>"; };
		188BD2101C86D36200A26E98 /* Base */ = {isa = PBXFileReference; lastKnownFileType = file.storyboard; name = Base; path = Base.lproj/Main.storyboard; sourceTree = "<group>"; };
		188BD2121C86D36200A26E98 /* Images.xcassets */ = {isa = PBXFileReference; lastKnownFileType = folder.assetcatalog; path = Images.xcassets; sourceTree = "<group>"; };
		188BD2151C86D36200A26E98 /* Base */ = {isa = PBXFileReference; lastKnownFileType = file.xib; name = Base; path = Base.lproj/LaunchScreen.xib; sourceTree = "<group>"; };
		188BD21B1C86D36200A26E98 /* test002Tests.xctest */ = {isa = PBXFileReference; explicitFileType = wrapper.cfbundle; includeInIndex = 0; path = test002Tests.xctest; sourceTree = BUILT_PRODUCTS_DIR; };
		188BD2201C86D36200A26E98 /* Info.plist */ = {isa = PBXFileReference; lastKnownFileType = text.plist.xml; path = Info.plist; sourceTree = "<group>"; };
		188BD2211C86D36200A26E98 /* test002Tests.m */ = {isa = PBXFileReference; lastKnownFileType = sourcecode.c.objc; path = test002Tests.m; sourceTree = "<group>"; };
		188BD22C1C86D38900A26E98 /* MyViewController.h */ = {isa = PBXFileReference; fileEncoding = 4; lastKnownFileType = sourcecode.c.h; path = MyViewController.h; sourceTree = "<group>"; };
		188BD22D1C86D38900A26E98 /* MyViewController.m */ = {isa = PBXFileReference; fileEncoding = 4; lastKnownFileType = sourcecode.c.objc; path = MyViewController.m; sourceTree = "<group>"; };
/* End PBXFileReference section */

/* Begin PBXFrameworksBuildPhase section */
		188BD1FF1C86D36200A26E98 /* Frameworks */ = {
			isa = PBXFrameworksBuildPhase;
			buildActionMask = 2147483647;
			files = (
			);
			runOnlyForDeploymentPostprocessing = 0;
		};
		188BD2181C86D36200A26E98 /* Frameworks */ = {
			isa = PBXFrameworksBuildPhase;
			buildActionMask = 2147483647;
			files = (
			);
			runOnlyForDeploymentPostprocessing = 0;
		};
/* End PBXFrameworksBuildPhase section */

/* Begin PBXGroup section */
		188BD1F91C86D36200A26E98 = {
			isa = PBXGroup;
			children = (
				188BD2041C86D36200A26E98 /* test002 */,
				188BD21E1C86D36200A26E98 /* test002Tests */,
				188BD2031C86D36200A26E98 /* Products */,
			);
			sourceTree = "<group>";
		};
		188BD2031C86D36200A26E98 /* Products */ = {
			isa = PBXGroup;
			children = (
				188BD2021C86D36200A26E98 /* test002.app */,
				188BD21B1C86D36200A26E98 /* test002Tests.xctest */,
			);
			name = Products;
			sourceTree = "<group>";
		};
		188BD2041C86D36200A26E98 /* test002 */ = {
			isa = PBXGroup;
			children = (
				188BD2091C86D36200A26E98 /* AppDelegate.h */,
				188BD20A1C86D36200A26E98 /* AppDelegate.m */,
				188BD20C1C86D36200A26E98 /* ViewController.h */,
				188BD20D1C86D36200A26E98 /* ViewController.m */,
				188BD22B1C86D38900A26E98 /* ysh */,
				188BD20F1C86D36200A26E98 /* Main.storyboard */,
				188BD2121C86D36200A26E98 /* Images.xcassets */,
				188BD2141C86D36200A26E98 /* LaunchScreen.xib */,
				188BD2051C86D36200A26E98 /* Supporting Files */,
			);
			path = test002;
			sourceTree = "<group>";
		};
		188BD2051C86D36200A26E98 /* Supporting Files */ = {
			isa = PBXGroup;
			children = (
				188BD2061C86D36200A26E98 /* Info.plist */,
				188BD2071C86D36200A26E98 /* main.m */,
			);
			name = "Supporting Files";
			sourceTree = "<group>";
		};
		188BD21E1C86D36200A26E98 /* test002Tests */ = {
			isa = PBXGroup;
			children = (
				188BD2211C86D36200A26E98 /* test002Tests.m */,
				188BD21F1C86D36200A26E98 /* Supporting Files */,
			);
			path = test002Tests;
			sourceTree = "<group>";
		};
		188BD21F1C86D36200A26E98 /* Supporting Files */ = {
			isa = PBXGroup;
			children = (
				188BD2201C86D36200A26E98 /* Info.plist */,
			);
			name = "Supporting Files";
			sourceTree = "<group>";
		};
		188BD22B1C86D38900A26E98 /* ysh */ = {
			isa = PBXGroup;
			children = (
				188BD22C1C86D38900A26E98 /* MyViewController.h */,
				188BD22D1C86D38900A26E98 /* MyViewController.m */,
			);
			path = ysh;
			sourceTree = "<group>";
		};
/* End PBXGroup section */

/* Begin PBXNativeTarget section */
		188BD2011C86D36200A26E98 /* test002 */ = {
			isa = PBXNativeTarget;
			buildConfigurationList = 188BD2251C86D36200A26E98 /* Build configuration list for PBXNativeTarget "test002" */;
			buildPhases = (
				188BD1FE1C86D36200A26E98 /* Sources */,
				188BD1FF1C86D36200A26E98 /* Frameworks */,
				188BD2001C86D36200A26E98 /* Resources */,
			);
			buildRules = (
			);
			dependencies = (
			);
			name = test002;
			productName = test002;
			productReference = 188BD2021C86D36200A26E98 /* test002.app */;
			productType = "com.apple.product-type.application";
		};
		188BD21A1C86D36200A26E98 /* test002Tests */ = {
			isa = PBXNativeTarget;
			buildConfigurationList = 188BD2281C86D36200A26E98 /* Build configuration list for PBXNativeTarget "test002Tests" */;
			buildPhases = (
				188BD2171C86D36200A26E98 /* Sources */,
				188BD2181C86D36200A26E98 /* Frameworks */,
				188BD2191C86D36200A26E98 /* Resources */,
			);
			buildRules = (
			);
			dependencies = (
				188BD21D1C86D36200A26E98 /* PBXTargetDependency */,
			);
			name = test002Tests;
			productName = test002Tests;
			productReference = 188BD21B1C86D36200A26E98 /* test002Tests.xctest */;
			productType = "com.apple.product-type.bundle.unit-test";
		};
/* End PBXNativeTarget section */

/* Begin PBXProject section */
		188BD1FA1C86D36200A26E98 /* Project object */ = {
			isa = PBXProject;
			attributes = {
				LastUpgradeCheck = 0640;
				ORGANIZATIONNAME = Iphone;
				TargetAttributes = {
					188BD2011C86D36200A26E98 = {
						CreatedOnToolsVersion = 6.4;
					};
					188BD21A1C86D36200A26E98 = {
						CreatedOnToolsVersion = 6.4;
						TestTargetID = 188BD2011C86D36200A26E98;
					};
				};
			};
			buildConfigurationList = 188BD1FD1C86D36200A26E98 /* Build configuration list for PBXProject "test002" */;
			compatibilityVersion = "Xcode 3.2";
			developmentRegion = English;
			hasScannedForEncodings = 0;
			knownRegions = (
				en,
				Base,
			);
			mainGroup = 188BD1F91C86D36200A26E98;
			productRefGroup = 188BD2031C86D36200A26E98 /* Products */;
			projectDirPath = "";
			projectRoot = "";
			targets = (
				188BD2011C86D36200A26E98 /* test002 */,
				188BD21A1C86D36200A26E98 /* test002Tests */,
			);
		};
/* End PBXProject section */

/* Begin PBXResourcesBuildPhase section */
		188BD2001C86D36200A26E98 /* Resources */ = {
			isa = PBXResourcesBuildPhase;
			buildActionMask = 2147483647;
			files = (
				188BD2111C86D36200A26E98 /* Main.storyboard in Resources */,
				188BD2161C86D36200A26E98 /* LaunchScreen.xib in Resources */,
				188BD2131C86D36200A26E98 /* Images.xcassets in Resources */,
			);
			runOnlyForDeploymentPostprocessing = 0;
		};
		188BD2191C86D36200A26E98 /* Resources */ = {
			isa = PBXResourcesBuildPhase;
			buildActionMask = 2147483647;
			files = (
			);
			runOnlyForDeploymentPostprocessing = 0;
		};
/* End PBXResourcesBuildPhase section */

/* Begin PBXSourcesBuildPhase section */
		188BD1FE1C86D36200A26E98 /* Sources */ = {
			isa = PBXSourcesBuildPhase;
			buildActionMask = 2147483647;
			files = (
				188BD20E1C86D36200A26E98 /* ViewController.m in Sources */,
				188BD20B1C86D36200A26E98 /* AppDelegate.m in Sources */,
				188BD22E1C86D38900A26E98 /* MyViewController.m in Sources */,
				188BD2081C86D36200A26E98 /* main.m in Sources */,
			);
			runOnlyForDeploymentPostprocessing = 0;
		};
		188BD2171C86D36200A26E98 /* Sources */ = {
			isa = PBXSourcesBuildPhase;
			buildActionMask = 2147483647;
			files = (
				188BD2221C86D36200A26E98 /* test002Tests.m in Sources */,
			);
			runOnlyForDeploymentPostprocessing = 0;
		};
/* End PBXSourcesBuildPhase section */

/* Begin PBXTargetDependency section */
		188BD21D1C86D36200A26E98 /* PBXTargetDependency */ = {
			isa = PBXTargetDependency;
			target = 188BD2011C86D36200A26E98 /* test002 */;
			targetProxy = 188BD21C1C86D36200A26E98 /* PBXContainerItemProxy */;
		};
/* End PBXTargetDependency section */

/* Begin PBXVariantGroup section */
		188BD20F1C86D36200A26E98 /* Main.storyboard */ = {
			isa = PBXVariantGroup;
			children = (
				188BD2101C86D36200A26E98 /* Base */,
			);
			name = Main.storyboard;
			sourceTree = "<group>";
		};
		188BD2141C86D36200A26E98 /* LaunchScreen.xib */ = {
			isa = PBXVariantGroup;
			children = (
				188BD2151C86D36200A26E98 /* Base */,
			);
			name = LaunchScreen.xib;
			sourceTree = "<group>";
		};
/* End PBXVariantGroup section */

/* Begin XCBuildConfiguration section */
		188BD2231C86D36200A26E98 /* Debug */ = {
			isa = XCBuildConfiguration;
			buildSettings = {
				ALWAYS_SEARCH_USER_PATHS = NO;
				CLANG_CXX_LANGUAGE_STANDARD = "gnu++0x";
				CLANG_CXX_LIBRARY = "libc++";
				CLANG_ENABLE_MODULES = YES;
				CLANG_ENABLE_OBJC_ARC = YES;
				CLANG_WARN_BOOL_CONVERSION = YES;
				CLANG_WARN_CONSTANT_CONVERSION = YES;
				CLANG_WARN_DIRECT_OBJC_ISA_USAGE = YES_ERROR;
				CLANG_WARN_EMPTY_BODY = YES;
				CLANG_WARN_ENUM_CONVERSION = YES;
				CLANG_WARN_INT_CONVERSION = YES;
				CLANG_WARN_OBJC_ROOT_CLASS = YES_ERROR;
				CLANG_WARN_UNREACHABLE_CODE = YES;
				CLANG_WARN__DUPLICATE_METHOD_MATCH = YES;
				"CODE_SIGN_IDENTITY[sdk=iphoneos*]" = "iPhone Developer";
				COPY_PHASE_STRIP = NO;
				DEBUG_INFORMATION_FORMAT = "dwarf-with-dsym";
				ENABLE_STRICT_OBJC_MSGSEND = YES;
				GCC_C_LANGUAGE_STANDARD = gnu99;
				GCC_DYNAMIC_NO_PIC = NO;
				GCC_NO_COMMON_BLOCKS = YES;
				GCC_OPTIMIZATION_LEVEL = 0;
				GCC_PREPROCESSOR_DEFINITIONS = (
					"DEBUG=1",
					"$(inherited)",
				);
				GCC_SYMBOLS_PRIVATE_EXTERN = NO;
				GCC_WARN_64_TO_32_BIT_CONVERSION = YES;
				GCC_WARN_ABOUT_RETURN_TYPE = YES_ERROR;
				GCC_WARN_UNDECLARED_SELECTOR = YES;
				GCC_WARN_UNINITIALIZED_AUTOS = YES_AGGRESSIVE;
				GCC_WARN_UNUSED_FUNCTION = YES;
				GCC_WARN_UNUSED_VARIABLE = YES;
				IPHONEOS_DEPLOYMENT_TARGET = 8.4;
				MTL_ENABLE_DEBUG_INFO = YES;
				ONLY_ACTIVE_ARCH = YES;
				SDKROOT = iphoneos;
				TARGETED_DEVICE_FAMILY = "1,2";
			};
			name = Debug;
		};
		188BD2241C86D36200A26E98 /* Release */ = {
			isa = XCBuildConfiguration;
			buildSettings = {
				ALWAYS_SEARCH_USER_PATHS = NO;
				CLANG_CXX_LANGUAGE_STANDARD = "gnu++0x";
				CLANG_CXX_LIBRARY = "libc++";
				CLANG_ENABLE_MODULES = YES;
				CLANG_ENABLE_OBJC_ARC = YES;
				CLANG_WARN_BOOL_CONVERSION = YES;
				CLANG_WARN_CONSTANT_CONVERSION = YES;
				CLANG_WARN_DIRECT_OBJC_ISA_USAGE = YES_ERROR;
				CLANG_WARN_EMPTY_BODY = YES;
				CLANG_WARN_ENUM_CONVERSION = YES;
				CLANG_WARN_INT_CONVERSION = YES;
				CLANG_WARN_OBJC_ROOT_CLASS = YES_ERROR;
				CLANG_WARN_UNREACHABLE_CODE = YES;
				CLANG_WARN__DUPLICATE_METHOD_MATCH = YES;
				"CODE_SIGN_IDENTITY[sdk=iphoneos*]" = "iPhone Developer";
				COPY_PHASE_STRIP = NO;
				DEBUG_INFORMATION_FORMAT = "dwarf-with-dsym";
				ENABLE_NS_ASSERTIONS = NO;
				ENABLE_STRICT_OBJC_MSGSEND = YES;
				GCC_C_LANGUAGE_STANDARD = gnu99;
				GCC_NO_COMMON_BLOCKS = YES;
				GCC_WARN_64_TO_32_BIT_CONVERSION = YES;
				GCC_WARN_ABOUT_RETURN_TYPE = YES_ERROR;
				GCC_WARN_UNDECLARED_SELECTOR = YES;
				GCC_WARN_UNINITIALIZED_AUTOS = YES_AGGRESSIVE;
				GCC_WARN_UNUSED_FUNCTION = YES;
				GCC_WARN_UNUSED_VARIABLE = YES;
				IPHONEOS_DEPLOYMENT_TARGET = 8.4;
				MTL_ENABLE_DEBUG_INFO = NO;
				SDKROOT = iphoneos;
				TARGETED_DEVICE_FAMILY = "1,2";
				VALIDATE_PRODUCT = YES;
			};
			name = Release;
		};
		188BD2261C86D36200A26E98 /* Debug */ = {
			isa = XCBuildConfiguration;
			buildSettings = {
				ASSETCATALOG_COMPILER_APPICON_NAME = AppIcon;
				INFOPLIST_FILE = test002/Info.plist;
				LD_RUNPATH_SEARCH_PATHS = "$(inherited) @executable_path/Frameworks";
				PRODUCT_NAME = "$(TARGET_NAME)";
			};
			name = Debug;
		};
		188BD2271C86D36200A26E98 /* Release */ = {
			isa = XCBuildConfiguration;
			buildSettings = {
				ASSETCATALOG_COMPILER_APPICON_NAME = AppIcon;
				INFOPLIST_FILE = test002/Info.plist;
				LD_RUNPATH_SEARCH_PATHS = "$(inherited) @executable_path/Frameworks";
				PRODUCT_NAME = "$(TARGET_NAME)";
			};
			name = Release;
		};
		188BD2291C86D36200A26E98 /* Debug */ = {
			isa = XCBuildConfiguration;
			buildSettings = {
				BUNDLE_LOADER = "$(TEST_HOST)";
				FRAMEWORK_SEARCH_PATHS = (
					"$(SDKROOT)/Developer/Library/Frameworks",
					"$(inherited)",
				);
				GCC_PREPROCESSOR_DEFINITIONS = (
					"DEBUG=1",
					"$(inherited)",
				);
				INFOPLIST_FILE = test002Tests/Info.plist;
				LD_RUNPATH_SEARCH_PATHS = "$(inherited) @executable_path/Frameworks @loader_path/Frameworks";
				PRODUCT_NAME = "$(TARGET_NAME)";
				TEST_HOST = "$(BUILT_PRODUCTS_DIR)/test002.app/test002";
			};
			name = Debug;
		};
		188BD22A1C86D36200A26E98 /* Release */ = {
			isa = XCBuildConfiguration;
			buildSettings = {
				BUNDLE_LOADER = "$(TEST_HOST)";
				FRAMEWORK_SEARCH_PATHS = (
					"$(SDKROOT)/Developer/Library/Frameworks",
					"$(inherited)",
				);
				INFOPLIST_FILE = test002Tests/Info.plist;
				LD_RUNPATH_SEARCH_PATHS = "$(inherited) @executable_path/Frameworks @loader_path/Frameworks";
				PRODUCT_NAME = "$(TARGET_NAME)";
				TEST_HOST = "$(BUILT_PRODUCTS_DIR)/test002.app/test002";
			};
			name = Release;
		};
/* End XCBuildConfiguration section */

/* Begin XCConfigurationList section */
		188BD1FD1C86D36200A26E98 /* Build configuration list for PBXProject "test002" */ = {
			isa = XCConfigurationList;
			buildConfigurations = (
				188BD2231C86D36200A26E98 /* Debug */,
				188BD2241C86D36200A26E98 /* Release */,
			);
			defaultConfigurationIsVisible = 0;
			defaultConfigurationName = Release;
		};
		188BD2251C86D36200A26E98 /* Build configuration list for PBXNativeTarget "test002" */ = {
			isa = XCConfigurationList;
			buildConfigurations = (
				188BD2261C86D36200A26E98 /* Debug */,
				188BD2271C86D36200A26E98 /* Release */,
			);
			defaultConfigurationIsVisible = 0;
		};
		188BD2281C86D36200A26E98 /* Build configuration list for PBXNativeTarget "test002Tests" */ = {
			isa = XCConfigurationList;
			buildConfigurations = (
				188BD2291C86D36200A26E98 /* Debug */,
				188BD22A1C86D36200A26E98 /* Release */,
			);
			defaultConfigurationIsVisible = 0;
		};
/* End XCConfigurationList section */
	};
	rootObject = 188BD1FA1C86D36200A26E98 /* Project object */;
}
